// !$*UTF8*$!
{
	archiveVersion = 1;
	classes = {
	};
	objectVersion = 48;
	objects = {

/* Begin PBXAggregateTarget section */
		229EA5D4200640A6004F0B11 /* version */ = {
			isa = PBXAggregateTarget;
			buildConfigurationList = 229EA5D5200640A6004F0B11 /* Build configuration list for PBXAggregateTarget "version" */;
			buildPhases = (
				229EA5D8200640AD004F0B11 /* Update Version */,
			);
			dependencies = (
			);
			name = version;
			productName = version;
		};
/* End PBXAggregateTarget section */

/* Begin PBXBuildFile section */
		22814ADB1E4790160020473B /* U2FError.swift in Sources */ = {isa = PBXBuildFile; fileRef = 22814ADA1E4790160020473B /* U2FError.swift */; };
		22814ADD1E4790300020473B /* U2FDevice.swift in Sources */ = {isa = PBXBuildFile; fileRef = 22814ADC1E4790300020473B /* U2FDevice.swift */; };
		22814ADF1E47908D0020473B /* U2FRequest.swift in Sources */ = {isa = PBXBuildFile; fileRef = 22814ADE1E47908D0020473B /* U2FRequest.swift */; };
		228DC2071FE541610060B6B5 /* libhidapi.a in Frameworks */ = {isa = PBXBuildFile; fileRef = 228DC2011FE541470060B6B5 /* libhidapi.a */; };
		228DC2081FE541610060B6B5 /* libjson-c.a in Frameworks */ = {isa = PBXBuildFile; fileRef = 228DC2021FE541470060B6B5 /* libjson-c.a */; };
		228DC2091FE541610060B6B5 /* libu2f-host.a in Frameworks */ = {isa = PBXBuildFile; fileRef = 228DC2031FE541470060B6B5 /* libu2f-host.a */; };
		22EF78D2202BBC8200009C38 /* U2FRegisterRequest.swift in Sources */ = {isa = PBXBuildFile; fileRef = 22EF78D0202BBC8200009C38 /* U2FRegisterRequest.swift */; };
		22EF78D3202BBC8200009C38 /* U2FSignRequest.swift in Sources */ = {isa = PBXBuildFile; fileRef = 22EF78D1202BBC8200009C38 /* U2FSignRequest.swift */; };
		22EF78D4202BC22C00009C38 /* U2FResponse.swift in Sources */ = {isa = PBXBuildFile; fileRef = 22EF78CE202BB86800009C38 /* U2FResponse.swift */; };
		22EF78DC202C792400009C38 /* tests.swift in Sources */ = {isa = PBXBuildFile; fileRef = 22EF78DB202C792400009C38 /* tests.swift */; };
		22EF78E1202C799E00009C38 /* U2FRequest.swift in Sources */ = {isa = PBXBuildFile; fileRef = 22814ADE1E47908D0020473B /* U2FRequest.swift */; };
		22EF78E2202C799E00009C38 /* U2FResponse.swift in Sources */ = {isa = PBXBuildFile; fileRef = 22EF78CE202BB86800009C38 /* U2FResponse.swift */; };
		22EF78E3202C799E00009C38 /* U2FRegisterRequest.swift in Sources */ = {isa = PBXBuildFile; fileRef = 22EF78D0202BBC8200009C38 /* U2FRegisterRequest.swift */; };
		22EF78E4202C799E00009C38 /* U2FSignRequest.swift in Sources */ = {isa = PBXBuildFile; fileRef = 22EF78D1202BBC8200009C38 /* U2FSignRequest.swift */; };
		22EF78E5202C799E00009C38 /* U2FDevice.swift in Sources */ = {isa = PBXBuildFile; fileRef = 22814ADC1E4790300020473B /* U2FDevice.swift */; };
		22EF78E6202C799E00009C38 /* U2FError.swift in Sources */ = {isa = PBXBuildFile; fileRef = 22814ADA1E4790160020473B /* U2FError.swift */; };
		22EF78E7202C79CB00009C38 /* libhidapi.a in Frameworks */ = {isa = PBXBuildFile; fileRef = 228DC2011FE541470060B6B5 /* libhidapi.a */; };
		22EF78E8202C79CB00009C38 /* libjson-c.a in Frameworks */ = {isa = PBXBuildFile; fileRef = 228DC2021FE541470060B6B5 /* libjson-c.a */; };
		22EF78E9202C79CB00009C38 /* libu2f-host.a in Frameworks */ = {isa = PBXBuildFile; fileRef = 228DC2031FE541470060B6B5 /* libu2f-host.a */; };
		DA07336C1DAF84A200088DAF /* AppDelegate.swift in Sources */ = {isa = PBXBuildFile; fileRef = DA07336B1DAF84A200088DAF /* AppDelegate.swift */; };
		DA07336E1DAF84A200088DAF /* ViewController.swift in Sources */ = {isa = PBXBuildFile; fileRef = DA07336D1DAF84A200088DAF /* ViewController.swift */; };
		DA0733701DAF84A200088DAF /* Assets.xcassets in Resources */ = {isa = PBXBuildFile; fileRef = DA07336F1DAF84A200088DAF /* Assets.xcassets */; };
		DA0733731DAF84A200088DAF /* Main.storyboard in Resources */ = {isa = PBXBuildFile; fileRef = DA0733711DAF84A200088DAF /* Main.storyboard */; };
		DA0733811DAF851400088DAF /* Cocoa.framework in Frameworks */ = {isa = PBXBuildFile; fileRef = DA0733801DAF851400088DAF /* Cocoa.framework */; };
		DA0733861DAF851400088DAF /* SafariExtensionHandler.swift in Sources */ = {isa = PBXBuildFile; fileRef = DA0733851DAF851400088DAF /* SafariExtensionHandler.swift */; };
		DA07338E1DAF851400088DAF /* bridge.js in Resources */ = {isa = PBXBuildFile; fileRef = DA07338D1DAF851400088DAF /* bridge.js */; };
		DA0733931DAF851400088DAF /* Safari FIDO U2F Extension.appex in Embed App Extensions */ = {isa = PBXBuildFile; fileRef = DA07337E1DAF851400088DAF /* Safari FIDO U2F Extension.appex */; settings = {ATTRIBUTES = (RemoveHeadersOnCopy, ); }; };
		DA0733A61DB2197A00088DAF /* u2f.js in Resources */ = {isa = PBXBuildFile; fileRef = DA0733A51DB2197A00088DAF /* u2f.js */; };
/* End PBXBuildFile section */

/* Begin PBXContainerItemProxy section */
		229EA5D9200641D0004F0B11 /* PBXContainerItemProxy */ = {
			isa = PBXContainerItemProxy;
			containerPortal = DA0733601DAF84A100088DAF /* Project object */;
			proxyType = 1;
			remoteGlobalIDString = 229EA5D4200640A6004F0B11;
			remoteInfo = version;
		};
		DA0733911DAF851400088DAF /* PBXContainerItemProxy */ = {
			isa = PBXContainerItemProxy;
			containerPortal = DA0733601DAF84A100088DAF /* Project object */;
			proxyType = 1;
			remoteGlobalIDString = DA07337D1DAF851400088DAF;
			remoteInfo = "Safari FIDO U2F Extension";
		};
/* End PBXContainerItemProxy section */

/* Begin PBXCopyFilesBuildPhase section */
		DA0733971DAF851400088DAF /* Embed App Extensions */ = {
			isa = PBXCopyFilesBuildPhase;
			buildActionMask = 2147483647;
			dstPath = "";
			dstSubfolderSpec = 13;
			files = (
				DA0733931DAF851400088DAF /* Safari FIDO U2F Extension.appex in Embed App Extensions */,
			);
			name = "Embed App Extensions";
			runOnlyForDeploymentPostprocessing = 0;
		};
/* End PBXCopyFilesBuildPhase section */

/* Begin PBXFileReference section */
		22814ADA1E4790160020473B /* U2FError.swift */ = {isa = PBXFileReference; fileEncoding = 4; lastKnownFileType = sourcecode.swift; path = U2FError.swift; sourceTree = "<group>"; };
		22814ADC1E4790300020473B /* U2FDevice.swift */ = {isa = PBXFileReference; fileEncoding = 4; lastKnownFileType = sourcecode.swift; path = U2FDevice.swift; sourceTree = "<group>"; };
		22814ADE1E47908D0020473B /* U2FRequest.swift */ = {isa = PBXFileReference; fileEncoding = 4; lastKnownFileType = sourcecode.swift; path = U2FRequest.swift; sourceTree = "<group>"; };
		228DC2011FE541470060B6B5 /* libhidapi.a */ = {isa = PBXFileReference; lastKnownFileType = archive.ar; path = libhidapi.a; sourceTree = "<group>"; };
		228DC2021FE541470060B6B5 /* libjson-c.a */ = {isa = PBXFileReference; lastKnownFileType = archive.ar; path = "libjson-c.a"; sourceTree = "<group>"; };
		228DC2031FE541470060B6B5 /* libu2f-host.a */ = {isa = PBXFileReference; lastKnownFileType = archive.ar; path = "libu2f-host.a"; sourceTree = "<group>"; };
		228DC2041FE541470060B6B5 /* u2f-host-types.h */ = {isa = PBXFileReference; lastKnownFileType = sourcecode.c.h; path = "u2f-host-types.h"; sourceTree = "<group>"; };
		228DC2051FE541470060B6B5 /* u2f-host-version.h */ = {isa = PBXFileReference; lastKnownFileType = sourcecode.c.h; path = "u2f-host-version.h"; sourceTree = "<group>"; };
		228DC2061FE541470060B6B5 /* u2f-host.h */ = {isa = PBXFileReference; lastKnownFileType = sourcecode.c.h; path = "u2f-host.h"; sourceTree = "<group>"; };
		229074671E61CBF100E04386 /* README.md */ = {isa = PBXFileReference; lastKnownFileType = net.daringfireball.markdown; path = README.md; sourceTree = "<group>"; wrapsLines = 1; };
		229074681E61CDEE00E04386 /* LICENSE */ = {isa = PBXFileReference; lastKnownFileType = text; path = LICENSE; sourceTree = "<group>"; };
		229EA5DB20064634004F0B11 /* Config.xcconfig */ = {isa = PBXFileReference; lastKnownFileType = text.xcconfig; path = Config.xcconfig; sourceTree = "<group>"; };
		22EF78CE202BB86800009C38 /* U2FResponse.swift */ = {isa = PBXFileReference; lastKnownFileType = sourcecode.swift; path = U2FResponse.swift; sourceTree = "<group>"; };
		22EF78D0202BBC8200009C38 /* U2FRegisterRequest.swift */ = {isa = PBXFileReference; fileEncoding = 4; lastKnownFileType = sourcecode.swift; path = U2FRegisterRequest.swift; sourceTree = "<group>"; };
		22EF78D1202BBC8200009C38 /* U2FSignRequest.swift */ = {isa = PBXFileReference; fileEncoding = 4; lastKnownFileType = sourcecode.swift; path = U2FSignRequest.swift; sourceTree = "<group>"; };
		22EF78D9202C792400009C38 /* tests.xctest */ = {isa = PBXFileReference; explicitFileType = wrapper.cfbundle; includeInIndex = 0; path = tests.xctest; sourceTree = BUILT_PRODUCTS_DIR; };
		22EF78DB202C792400009C38 /* tests.swift */ = {isa = PBXFileReference; lastKnownFileType = sourcecode.swift; path = tests.swift; sourceTree = "<group>"; };
		22EF78DD202C792400009C38 /* Info.plist */ = {isa = PBXFileReference; lastKnownFileType = text.plist.xml; path = Info.plist; sourceTree = "<group>"; };
		DA0733681DAF84A200088DAF /* Safari FIDO U2F.app */ = {isa = PBXFileReference; explicitFileType = wrapper.application; includeInIndex = 0; path = "Safari FIDO U2F.app"; sourceTree = BUILT_PRODUCTS_DIR; };
		DA07336B1DAF84A200088DAF /* AppDelegate.swift */ = {isa = PBXFileReference; lastKnownFileType = sourcecode.swift; path = AppDelegate.swift; sourceTree = "<group>"; };
		DA07336D1DAF84A200088DAF /* ViewController.swift */ = {isa = PBXFileReference; lastKnownFileType = sourcecode.swift; path = ViewController.swift; sourceTree = "<group>"; };
		DA07336F1DAF84A200088DAF /* Assets.xcassets */ = {isa = PBXFileReference; lastKnownFileType = folder.assetcatalog; path = Assets.xcassets; sourceTree = "<group>"; };
		DA0733721DAF84A200088DAF /* Base */ = {isa = PBXFileReference; lastKnownFileType = file.storyboard; name = Base; path = Base.lproj/Main.storyboard; sourceTree = "<group>"; };
		DA0733741DAF84A200088DAF /* Info.plist */ = {isa = PBXFileReference; lastKnownFileType = text.plist.xml; path = Info.plist; sourceTree = "<group>"; };
		DA07337E1DAF851400088DAF /* Safari FIDO U2F Extension.appex */ = {isa = PBXFileReference; explicitFileType = "wrapper.app-extension"; includeInIndex = 0; path = "Safari FIDO U2F Extension.appex"; sourceTree = BUILT_PRODUCTS_DIR; };
		DA0733801DAF851400088DAF /* Cocoa.framework */ = {isa = PBXFileReference; lastKnownFileType = wrapper.framework; name = Cocoa.framework; path = System/Library/Frameworks/Cocoa.framework; sourceTree = SDKROOT; };
		DA0733841DAF851400088DAF /* Safari_FIDO_U2F_Extension.entitlements */ = {isa = PBXFileReference; lastKnownFileType = text.plist.entitlements; path = Safari_FIDO_U2F_Extension.entitlements; sourceTree = "<group>"; };
		DA0733851DAF851400088DAF /* SafariExtensionHandler.swift */ = {isa = PBXFileReference; lastKnownFileType = sourcecode.swift; path = SafariExtensionHandler.swift; sourceTree = "<group>"; };
		DA07338C1DAF851400088DAF /* Info.plist */ = {isa = PBXFileReference; lastKnownFileType = text.plist.xml; path = Info.plist; sourceTree = "<group>"; };
		DA07338D1DAF851400088DAF /* bridge.js */ = {isa = PBXFileReference; lastKnownFileType = sourcecode.javascript; path = bridge.js; sourceTree = "<group>"; };
		DA0733981DAFB99200088DAF /* Safari FIDO U2F Extension-Bridging-Header.h */ = {isa = PBXFileReference; lastKnownFileType = sourcecode.c.h; path = "Safari FIDO U2F Extension-Bridging-Header.h"; sourceTree = "<group>"; };
		DA0733A51DB2197A00088DAF /* u2f.js */ = {isa = PBXFileReference; fileEncoding = 4; lastKnownFileType = sourcecode.javascript; path = u2f.js; sourceTree = "<group>"; };
/* End PBXFileReference section */

/* Begin PBXFrameworksBuildPhase section */
		22EF78D6202C792400009C38 /* Frameworks */ = {
			isa = PBXFrameworksBuildPhase;
			buildActionMask = 2147483647;
			files = (
				22EF78E7202C79CB00009C38 /* libhidapi.a in Frameworks */,
				22EF78E9202C79CB00009C38 /* libu2f-host.a in Frameworks */,
				22EF78E8202C79CB00009C38 /* libjson-c.a in Frameworks */,
			);
			runOnlyForDeploymentPostprocessing = 0;
		};
		DA0733651DAF84A100088DAF /* Frameworks */ = {
			isa = PBXFrameworksBuildPhase;
			buildActionMask = 2147483647;
			files = (
			);
			runOnlyForDeploymentPostprocessing = 0;
		};
		DA07337B1DAF851400088DAF /* Frameworks */ = {
			isa = PBXFrameworksBuildPhase;
			buildActionMask = 2147483647;
			files = (
				228DC2071FE541610060B6B5 /* libhidapi.a in Frameworks */,
				228DC2081FE541610060B6B5 /* libjson-c.a in Frameworks */,
				DA0733811DAF851400088DAF /* Cocoa.framework in Frameworks */,
				228DC2091FE541610060B6B5 /* libu2f-host.a in Frameworks */,
			);
			runOnlyForDeploymentPostprocessing = 0;
		};
/* End PBXFrameworksBuildPhase section */

/* Begin PBXGroup section */
		228DC2001FE541470060B6B5 /* Dependencies */ = {
			isa = PBXGroup;
			children = (
				228DC2011FE541470060B6B5 /* libhidapi.a */,
				228DC2021FE541470060B6B5 /* libjson-c.a */,
				228DC2031FE541470060B6B5 /* libu2f-host.a */,
				228DC2041FE541470060B6B5 /* u2f-host-types.h */,
				228DC2051FE541470060B6B5 /* u2f-host-version.h */,
				228DC2061FE541470060B6B5 /* u2f-host.h */,
			);
			path = Dependencies;
			sourceTree = "<group>";
		};
		22EF78DA202C792400009C38 /* Tests */ = {
			isa = PBXGroup;
			children = (
				22EF78DB202C792400009C38 /* tests.swift */,
				22EF78DD202C792400009C38 /* Info.plist */,
			);
			path = Tests;
			sourceTree = "<group>";
		};
		DA07335F1DAF84A100088DAF = {
			isa = PBXGroup;
			children = (
				229074671E61CBF100E04386 /* README.md */,
				229EA5DB20064634004F0B11 /* Config.xcconfig */,
				229074681E61CDEE00E04386 /* LICENSE */,
				DA07336A1DAF84A200088DAF /* Application */,
				DA0733821DAF851400088DAF /* Extension */,
				228DC2001FE541470060B6B5 /* Dependencies */,
				22EF78DA202C792400009C38 /* Tests */,
				DA07337F1DAF851400088DAF /* Frameworks */,
				DA0733691DAF84A200088DAF /* Products */,
			);
			indentWidth = 4;
			sourceTree = "<group>";
			tabWidth = 4;
		};
		DA0733691DAF84A200088DAF /* Products */ = {
			isa = PBXGroup;
			children = (
				DA0733681DAF84A200088DAF /* Safari FIDO U2F.app */,
				DA07337E1DAF851400088DAF /* Safari FIDO U2F Extension.appex */,
				22EF78D9202C792400009C38 /* tests.xctest */,
			);
			name = Products;
			sourceTree = "<group>";
		};
		DA07336A1DAF84A200088DAF /* Application */ = {
			isa = PBXGroup;
			children = (
				DA07336B1DAF84A200088DAF /* AppDelegate.swift */,
				DA07336D1DAF84A200088DAF /* ViewController.swift */,
				DA07336F1DAF84A200088DAF /* Assets.xcassets */,
				DA0733711DAF84A200088DAF /* Main.storyboard */,
				DA0733741DAF84A200088DAF /* Info.plist */,
			);
			path = Application;
			sourceTree = "<group>";
		};
		DA07337F1DAF851400088DAF /* Frameworks */ = {
			isa = PBXGroup;
			children = (
				DA0733801DAF851400088DAF /* Cocoa.framework */,
			);
			name = Frameworks;
			sourceTree = "<group>";
		};
		DA0733821DAF851400088DAF /* Extension */ = {
			isa = PBXGroup;
			children = (
				DA0733851DAF851400088DAF /* SafariExtensionHandler.swift */,
				22814ADE1E47908D0020473B /* U2FRequest.swift */,
				22EF78CE202BB86800009C38 /* U2FResponse.swift */,
				22EF78D0202BBC8200009C38 /* U2FRegisterRequest.swift */,
				22EF78D1202BBC8200009C38 /* U2FSignRequest.swift */,
				22814ADC1E4790300020473B /* U2FDevice.swift */,
				22814ADA1E4790160020473B /* U2FError.swift */,
				DA07338C1DAF851400088DAF /* Info.plist */,
				DA07338D1DAF851400088DAF /* bridge.js */,
				DA0733841DAF851400088DAF /* Safari_FIDO_U2F_Extension.entitlements */,
				DA0733981DAFB99200088DAF /* Safari FIDO U2F Extension-Bridging-Header.h */,
				DA0733A51DB2197A00088DAF /* u2f.js */,
			);
			path = Extension;
			sourceTree = "<group>";
		};
/* End PBXGroup section */

/* Begin PBXNativeTarget section */
		22EF78D8202C792400009C38 /* tests */ = {
			isa = PBXNativeTarget;
			buildConfigurationList = 22EF78DE202C792400009C38 /* Build configuration list for PBXNativeTarget "tests" */;
			buildPhases = (
				22EF78D5202C792400009C38 /* Sources */,
				22EF78D6202C792400009C38 /* Frameworks */,
				22EF78D7202C792400009C38 /* Resources */,
			);
			buildRules = (
			);
			dependencies = (
			);
			name = tests;
			productName = tests;
			productReference = 22EF78D9202C792400009C38 /* tests.xctest */;
			productType = "com.apple.product-type.bundle.unit-test";
		};
		DA0733671DAF84A100088DAF /* application */ = {
			isa = PBXNativeTarget;
			buildConfigurationList = DA0733771DAF84A200088DAF /* Build configuration list for PBXNativeTarget "application" */;
			buildPhases = (
				DA0733641DAF84A100088DAF /* Sources */,
				DA0733651DAF84A100088DAF /* Frameworks */,
				DA0733661DAF84A100088DAF /* Resources */,
				DA0733971DAF851400088DAF /* Embed App Extensions */,
			);
			buildRules = (
			);
			dependencies = (
				DA0733921DAF851400088DAF /* PBXTargetDependency */,
			);
			name = application;
			productName = "Safari FIDO U2F";
			productReference = DA0733681DAF84A200088DAF /* Safari FIDO U2F.app */;
			productType = "com.apple.product-type.application";
		};
		DA07337D1DAF851400088DAF /* extension */ = {
			isa = PBXNativeTarget;
			buildConfigurationList = DA0733941DAF851400088DAF /* Build configuration list for PBXNativeTarget "extension" */;
			buildPhases = (
				DA07337A1DAF851400088DAF /* Sources */,
				DA07337B1DAF851400088DAF /* Frameworks */,
				DA07337C1DAF851400088DAF /* Resources */,
				22BA418B2006C534000CD2AC /* Insert Version Numbers Into Javascript */,
			);
			buildRules = (
			);
			dependencies = (
				229EA5DA200641D0004F0B11 /* PBXTargetDependency */,
			);
			name = extension;
			productName = "Safari FIDO U2F Extension";
			productReference = DA07337E1DAF851400088DAF /* Safari FIDO U2F Extension.appex */;
			productType = "com.apple.product-type.app-extension";
		};
/* End PBXNativeTarget section */

/* Begin PBXProject section */
		DA0733601DAF84A100088DAF /* Project object */ = {
			isa = PBXProject;
			attributes = {
				LastSwiftUpdateCheck = 0930;
				LastUpgradeCheck = 0930;
				ORGANIZATIONNAME = "Safari FIDO U2F";
				TargetAttributes = {
					229EA5D4200640A6004F0B11 = {
						CreatedOnToolsVersion = 9.2;
						DevelopmentTeam = 2H48644JM2;
						ProvisioningStyle = Automatic;
					};
					22EF78D8202C792400009C38 = {
						CreatedOnToolsVersion = 9.3;
						ProvisioningStyle = Automatic;
					};
					DA0733671DAF84A100088DAF = {
						CreatedOnToolsVersion = 8.0;
						DevelopmentTeam = 2H48644JM2;
						LastSwiftMigration = 0900;
						ProvisioningStyle = Automatic;
					};
					DA07337D1DAF851400088DAF = {
						CreatedOnToolsVersion = 8.0;
						DevelopmentTeam = 2H48644JM2;
						LastSwiftMigration = 0900;
						ProvisioningStyle = Automatic;
					};
				};
			};
			buildConfigurationList = DA0733631DAF84A100088DAF /* Build configuration list for PBXProject "Safari FIDO U2F" */;
			compatibilityVersion = "Xcode 8.0";
			developmentRegion = English;
			hasScannedForEncodings = 0;
			knownRegions = (
				en,
				Base,
			);
			mainGroup = DA07335F1DAF84A100088DAF;
			productRefGroup = DA0733691DAF84A200088DAF /* Products */;
			projectDirPath = "";
			projectRoot = "";
			targets = (
				DA0733671DAF84A100088DAF /* application */,
				DA07337D1DAF851400088DAF /* extension */,
				229EA5D4200640A6004F0B11 /* version */,
				22EF78D8202C792400009C38 /* tests */,
			);
		};
/* End PBXProject section */

/* Begin PBXResourcesBuildPhase section */
		22EF78D7202C792400009C38 /* Resources */ = {
			isa = PBXResourcesBuildPhase;
			buildActionMask = 2147483647;
			files = (
			);
			runOnlyForDeploymentPostprocessing = 0;
		};
		DA0733661DAF84A100088DAF /* Resources */ = {
			isa = PBXResourcesBuildPhase;
			buildActionMask = 2147483647;
			files = (
				DA0733701DAF84A200088DAF /* Assets.xcassets in Resources */,
				DA0733731DAF84A200088DAF /* Main.storyboard in Resources */,
			);
			runOnlyForDeploymentPostprocessing = 0;
		};
		DA07337C1DAF851400088DAF /* Resources */ = {
			isa = PBXResourcesBuildPhase;
			buildActionMask = 2147483647;
			files = (
				DA0733A61DB2197A00088DAF /* u2f.js in Resources */,
				DA07338E1DAF851400088DAF /* bridge.js in Resources */,
			);
			runOnlyForDeploymentPostprocessing = 0;
		};
/* End PBXResourcesBuildPhase section */

/* Begin PBXShellScriptBuildPhase section */
		229EA5D8200640AD004F0B11 /* Update Version */ = {
			isa = PBXShellScriptBuildPhase;
			buildActionMask = 2147483647;
			files = (
			);
			inputPaths = (
			);
			name = "Update Version";
			outputPaths = (
				$INFOPLIST_PREFIX_HEADER,
			);
			runOnlyForDeploymentPostprocessing = 0;
			shellPath = /bin/sh;
			shellScript = "echo \"Updating build number\"\nversion=`/usr/bin/git log --oneline | wc -l | tr -d ' '`\nmkdir -p \"$(dirname $INFOPLIST_PREFIX_HEADER)\"\necho \"#define U2F_BUILD $version\" > \"$INFOPLIST_PREFIX_HEADER\"\necho \"Build no is now $version\"\n\nSED_FILE=\"$CONFIGURATION_BUILD_DIR/Versions.txt\"\necho \"s/\\$U2F_VERSION/$U2F_VERSION/g\" > \"$SED_FILE\"\necho \"s/\\$U2F_BUILD/$version/g\" >> \"$SED_FILE\"\n";
			showEnvVarsInLog = 0;
		};
		22BA418B2006C534000CD2AC /* Insert Version Numbers Into Javascript */ = {
			isa = PBXShellScriptBuildPhase;
			buildActionMask = 2147483647;
			files = (
			);
			inputPaths = (
			);
			name = "Insert Version Numbers Into Javascript";
			outputPaths = (
			);
			runOnlyForDeploymentPostprocessing = 0;
			shellPath = /bin/sh;
			shellScript = "U2F_SOURCE=\"$CONFIGURATION_BUILD_DIR/$PRODUCT_NAME.$WRAPPER_EXTENSION/Contents/Resources/u2f.js\"\n\nsed -f \"$CONFIGURATION_BUILD_DIR/Versions.txt\" -i \"\" \"$U2F_SOURCE\"\n";
		};
/* End PBXShellScriptBuildPhase section */

/* Begin PBXSourcesBuildPhase section */
		22EF78D5202C792400009C38 /* Sources */ = {
			isa = PBXSourcesBuildPhase;
			buildActionMask = 2147483647;
			files = (
				22EF78E2202C799E00009C38 /* U2FResponse.swift in Sources */,
				22EF78DC202C792400009C38 /* tests.swift in Sources */,
				22EF78E4202C799E00009C38 /* U2FSignRequest.swift in Sources */,
				22EF78E3202C799E00009C38 /* U2FRegisterRequest.swift in Sources */,
				22EF78E6202C799E00009C38 /* U2FError.swift in Sources */,
				22EF78E1202C799E00009C38 /* U2FRequest.swift in Sources */,
				22EF78E5202C799E00009C38 /* U2FDevice.swift in Sources */,
			);
			runOnlyForDeploymentPostprocessing = 0;
		};
		DA0733641DAF84A100088DAF /* Sources */ = {
			isa = PBXSourcesBuildPhase;
			buildActionMask = 2147483647;
			files = (
				DA07336E1DAF84A200088DAF /* ViewController.swift in Sources */,
				DA07336C1DAF84A200088DAF /* AppDelegate.swift in Sources */,
			);
			runOnlyForDeploymentPostprocessing = 0;
		};
		DA07337A1DAF851400088DAF /* Sources */ = {
			isa = PBXSourcesBuildPhase;
			buildActionMask = 2147483647;
			files = (
				22814ADB1E4790160020473B /* U2FError.swift in Sources */,
				22EF78D4202BC22C00009C38 /* U2FResponse.swift in Sources */,
				22EF78D2202BBC8200009C38 /* U2FRegisterRequest.swift in Sources */,
				22814ADF1E47908D0020473B /* U2FRequest.swift in Sources */,
				DA0733861DAF851400088DAF /* SafariExtensionHandler.swift in Sources */,
				22EF78D3202BBC8200009C38 /* U2FSignRequest.swift in Sources */,
				22814ADD1E4790300020473B /* U2FDevice.swift in Sources */,
			);
			runOnlyForDeploymentPostprocessing = 0;
		};
/* End PBXSourcesBuildPhase section */

/* Begin PBXTargetDependency section */
		229EA5DA200641D0004F0B11 /* PBXTargetDependency */ = {
			isa = PBXTargetDependency;
			target = 229EA5D4200640A6004F0B11 /* version */;
			targetProxy = 229EA5D9200641D0004F0B11 /* PBXContainerItemProxy */;
		};
		DA0733921DAF851400088DAF /* PBXTargetDependency */ = {
			isa = PBXTargetDependency;
			target = DA07337D1DAF851400088DAF /* extension */;
			targetProxy = DA0733911DAF851400088DAF /* PBXContainerItemProxy */;
		};
/* End PBXTargetDependency section */

/* Begin PBXVariantGroup section */
		DA0733711DAF84A200088DAF /* Main.storyboard */ = {
			isa = PBXVariantGroup;
			children = (
				DA0733721DAF84A200088DAF /* Base */,
			);
			name = Main.storyboard;
			sourceTree = "<group>";
		};
/* End PBXVariantGroup section */

/* Begin XCBuildConfiguration section */
		229EA5D6200640A6004F0B11 /* Debug */ = {
			isa = XCBuildConfiguration;
			buildSettings = {
				CLANG_ENABLE_OBJC_WEAK = YES;
				CODE_SIGN_STYLE = Automatic;
				DEVELOPMENT_TEAM = 2H48644JM2;
				PRODUCT_NAME = "$(TARGET_NAME)";
			};
			name = Debug;
		};
		229EA5D7200640A6004F0B11 /* Release */ = {
			isa = XCBuildConfiguration;
			buildSettings = {
				CLANG_ENABLE_OBJC_WEAK = YES;
				CODE_SIGN_STYLE = Automatic;
				DEVELOPMENT_TEAM = 2H48644JM2;
				PRODUCT_NAME = "$(TARGET_NAME)";
			};
			name = Release;
		};
		22EF78DF202C792400009C38 /* Debug */ = {
			isa = XCBuildConfiguration;
			buildSettings = {
				CLANG_ANALYZER_NUMBER_OBJECT_CONVERSION = YES_AGGRESSIVE;
				CLANG_CXX_LANGUAGE_STANDARD = "gnu++14";
				CLANG_ENABLE_OBJC_WEAK = YES;
				CLANG_WARN_UNGUARDED_AVAILABILITY = YES_AGGRESSIVE;
				CODE_SIGN_STYLE = Automatic;
				COMBINE_HIDPI_IMAGES = YES;
				DEVELOPMENT_TEAM = 2H48644JM2;
				GCC_C_LANGUAGE_STANDARD = gnu11;
				HEADER_SEARCH_PATHS = Dependencies/;
				INFOPLIST_FILE = tests/Info.plist;
				LD_RUNPATH_SEARCH_PATHS = "$(inherited) @executable_path/../Frameworks @loader_path/../Frameworks";
				LIBRARY_SEARCH_PATHS = (
					"$(inherited)",
					"$(PROJECT_DIR)/Dependencies",
				);
				MACOSX_DEPLOYMENT_TARGET = 10.13;
				PRODUCT_BUNDLE_IDENTIFIER = "com.safari-fido-u2f.tests";
				PRODUCT_NAME = "$(TARGET_NAME)";
				SDKROOT = macosx;
				SWIFT_OBJC_BRIDGING_HEADER = "Extension/Safari FIDO U2F Extension-Bridging-Header.h";
				SWIFT_VERSION = 4.0;
			};
			name = Debug;
		};
		22EF78E0202C792400009C38 /* Release */ = {
			isa = XCBuildConfiguration;
			buildSettings = {
				CLANG_ANALYZER_NUMBER_OBJECT_CONVERSION = YES_AGGRESSIVE;
				CLANG_CXX_LANGUAGE_STANDARD = "gnu++14";
				CLANG_ENABLE_OBJC_WEAK = YES;
				CLANG_WARN_UNGUARDED_AVAILABILITY = YES_AGGRESSIVE;
				CODE_SIGN_STYLE = Automatic;
				COMBINE_HIDPI_IMAGES = YES;
				DEVELOPMENT_TEAM = 2H48644JM2;
				GCC_C_LANGUAGE_STANDARD = gnu11;
				HEADER_SEARCH_PATHS = Dependencies/;
				INFOPLIST_FILE = tests/Info.plist;
				LD_RUNPATH_SEARCH_PATHS = "$(inherited) @executable_path/../Frameworks @loader_path/../Frameworks";
				LIBRARY_SEARCH_PATHS = (
					"$(inherited)",
					"$(PROJECT_DIR)/Dependencies",
				);
				MACOSX_DEPLOYMENT_TARGET = 10.13;
				PRODUCT_BUNDLE_IDENTIFIER = "com.safari-fido-u2f.tests";
				PRODUCT_NAME = "$(TARGET_NAME)";
				SDKROOT = macosx;
				SWIFT_OBJC_BRIDGING_HEADER = "Extension/Safari FIDO U2F Extension-Bridging-Header.h";
				SWIFT_OPTIMIZATION_LEVEL = "-Owholemodule";
				SWIFT_VERSION = 4.0;
			};
			name = Release;
		};
		DA0733751DAF84A200088DAF /* Debug */ = {
			isa = XCBuildConfiguration;
			baseConfigurationReference = 229EA5DB20064634004F0B11 /* Config.xcconfig */;
			buildSettings = {
				ALWAYS_SEARCH_USER_PATHS = NO;
				CLANG_ANALYZER_NONNULL = YES;
				CLANG_CXX_LANGUAGE_STANDARD = "gnu++0x";
				CLANG_CXX_LIBRARY = "libc++";
				CLANG_ENABLE_MODULES = YES;
				CLANG_ENABLE_OBJC_ARC = YES;
				CLANG_WARN_BLOCK_CAPTURE_AUTORELEASING = YES;
				CLANG_WARN_BOOL_CONVERSION = YES;
				CLANG_WARN_COMMA = YES;
				CLANG_WARN_CONSTANT_CONVERSION = YES;
				CLANG_WARN_DEPRECATED_OBJC_IMPLEMENTATIONS = YES;
				CLANG_WARN_DIRECT_OBJC_ISA_USAGE = YES_ERROR;
				CLANG_WARN_DOCUMENTATION_COMMENTS = YES;
				CLANG_WARN_EMPTY_BODY = YES;
				CLANG_WARN_ENUM_CONVERSION = YES;
				CLANG_WARN_INFINITE_RECURSION = YES;
				CLANG_WARN_INT_CONVERSION = YES;
				CLANG_WARN_NON_LITERAL_NULL_CONVERSION = YES;
				CLANG_WARN_OBJC_IMPLICIT_RETAIN_SELF = YES;
				CLANG_WARN_OBJC_LITERAL_CONVERSION = YES;
				CLANG_WARN_OBJC_ROOT_CLASS = YES_ERROR;
				CLANG_WARN_RANGE_LOOP_ANALYSIS = YES;
				CLANG_WARN_STRICT_PROTOTYPES = YES;
				CLANG_WARN_SUSPICIOUS_MOVE = YES;
				CLANG_WARN_SUSPICIOUS_MOVES = YES;
				CLANG_WARN_UNREACHABLE_CODE = YES;
				CLANG_WARN__DUPLICATE_METHOD_MATCH = YES;
				CODE_SIGN_IDENTITY = "Mac Developer";
				COPY_PHASE_STRIP = NO;
				DEBUG_INFORMATION_FORMAT = dwarf;
				DEVELOPMENT_TEAM = 2H48644JM2;
				ENABLE_STRICT_OBJC_MSGSEND = YES;
				ENABLE_TESTABILITY = YES;
				GCC_C_LANGUAGE_STANDARD = gnu99;
				GCC_DYNAMIC_NO_PIC = NO;
				GCC_NO_COMMON_BLOCKS = YES;
				GCC_OPTIMIZATION_LEVEL = 0;
				GCC_PREPROCESSOR_DEFINITIONS = (
					"DEBUG=1",
					"$(inherited)",
				);
				GCC_WARN_64_TO_32_BIT_CONVERSION = YES;
				GCC_WARN_ABOUT_RETURN_TYPE = YES_ERROR;
				GCC_WARN_UNDECLARED_SELECTOR = YES;
				GCC_WARN_UNINITIALIZED_AUTOS = YES_AGGRESSIVE;
				GCC_WARN_UNUSED_FUNCTION = YES;
				GCC_WARN_UNUSED_VARIABLE = YES;
				MTL_ENABLE_DEBUG_INFO = YES;
				ONLY_ACTIVE_ARCH = YES;
				SWIFT_ACTIVE_COMPILATION_CONDITIONS = DEBUG;
				SWIFT_OPTIMIZATION_LEVEL = "-Onone";
				SWIFT_SWIFT3_OBJC_INFERENCE = Off;
			};
			name = Debug;
		};
		DA0733761DAF84A200088DAF /* Release */ = {
			isa = XCBuildConfiguration;
			baseConfigurationReference = 229EA5DB20064634004F0B11 /* Config.xcconfig */;
			buildSettings = {
				ALWAYS_SEARCH_USER_PATHS = NO;
				CLANG_ANALYZER_NONNULL = YES;
				CLANG_CXX_LANGUAGE_STANDARD = "gnu++0x";
				CLANG_CXX_LIBRARY = "libc++";
				CLANG_ENABLE_MODULES = YES;
				CLANG_ENABLE_OBJC_ARC = YES;
				CLANG_WARN_BLOCK_CAPTURE_AUTORELEASING = YES;
				CLANG_WARN_BOOL_CONVERSION = YES;
				CLANG_WARN_COMMA = YES;
				CLANG_WARN_CONSTANT_CONVERSION = YES;
				CLANG_WARN_DEPRECATED_OBJC_IMPLEMENTATIONS = YES;
				CLANG_WARN_DIRECT_OBJC_ISA_USAGE = YES_ERROR;
				CLANG_WARN_DOCUMENTATION_COMMENTS = YES;
				CLANG_WARN_EMPTY_BODY = YES;
				CLANG_WARN_ENUM_CONVERSION = YES;
				CLANG_WARN_INFINITE_RECURSION = YES;
				CLANG_WARN_INT_CONVERSION = YES;
				CLANG_WARN_NON_LITERAL_NULL_CONVERSION = YES;
				CLANG_WARN_OBJC_IMPLICIT_RETAIN_SELF = YES;
				CLANG_WARN_OBJC_LITERAL_CONVERSION = YES;
				CLANG_WARN_OBJC_ROOT_CLASS = YES_ERROR;
				CLANG_WARN_RANGE_LOOP_ANALYSIS = YES;
				CLANG_WARN_STRICT_PROTOTYPES = YES;
				CLANG_WARN_SUSPICIOUS_MOVE = YES;
				CLANG_WARN_SUSPICIOUS_MOVES = YES;
				CLANG_WARN_UNREACHABLE_CODE = YES;
				CLANG_WARN__DUPLICATE_METHOD_MATCH = YES;
				CODE_SIGN_IDENTITY = "Mac Developer";
				COPY_PHASE_STRIP = NO;
				DEBUG_INFORMATION_FORMAT = "dwarf-with-dsym";
				DEVELOPMENT_TEAM = 2H48644JM2;
				ENABLE_NS_ASSERTIONS = NO;
				ENABLE_STRICT_OBJC_MSGSEND = YES;
				GCC_C_LANGUAGE_STANDARD = gnu99;
				GCC_NO_COMMON_BLOCKS = YES;
				GCC_WARN_64_TO_32_BIT_CONVERSION = YES;
				GCC_WARN_ABOUT_RETURN_TYPE = YES_ERROR;
				GCC_WARN_UNDECLARED_SELECTOR = YES;
				GCC_WARN_UNINITIALIZED_AUTOS = YES_AGGRESSIVE;
				GCC_WARN_UNUSED_FUNCTION = YES;
				GCC_WARN_UNUSED_VARIABLE = YES;
				MTL_ENABLE_DEBUG_INFO = NO;
				SWIFT_OPTIMIZATION_LEVEL = "-Owholemodule";
				SWIFT_SWIFT3_OBJC_INFERENCE = Off;
			};
			name = Release;
		};
		DA0733781DAF84A200088DAF /* Debug */ = {
			isa = XCBuildConfiguration;
			buildSettings = {
				ALWAYS_EMBED_SWIFT_STANDARD_LIBRARIES = YES;
				ASSETCATALOG_COMPILER_APPICON_NAME = AppIcon;
				CLANG_ENABLE_OBJC_WEAK = YES;
				COMBINE_HIDPI_IMAGES = YES;
				INFOPLIST_FILE = Application/Info.plist;
				LD_RUNPATH_SEARCH_PATHS = "$(inherited) @executable_path/../Frameworks";
				PRODUCT_BUNDLE_IDENTIFIER = "com.safari-fido-u2f.app";
				PRODUCT_NAME = "$(U2F_NAME)";
			};
			name = Debug;
		};
		DA0733791DAF84A200088DAF /* Release */ = {
			isa = XCBuildConfiguration;
			buildSettings = {
				ALWAYS_EMBED_SWIFT_STANDARD_LIBRARIES = YES;
				ASSETCATALOG_COMPILER_APPICON_NAME = AppIcon;
				CLANG_ENABLE_OBJC_WEAK = YES;
				COMBINE_HIDPI_IMAGES = YES;
				INFOPLIST_FILE = Application/Info.plist;
				LD_RUNPATH_SEARCH_PATHS = "$(inherited) @executable_path/../Frameworks";
				PRODUCT_BUNDLE_IDENTIFIER = "com.safari-fido-u2f.app";
				PRODUCT_NAME = "$(U2F_NAME)";
			};
			name = Release;
		};
		DA0733951DAF851400088DAF /* Debug */ = {
			isa = XCBuildConfiguration;
			buildSettings = {
				CLANG_ENABLE_MODULES = YES;
				CLANG_ENABLE_OBJC_WEAK = YES;
				CODE_SIGN_ENTITLEMENTS = Extension/Safari_FIDO_U2F_Extension.entitlements;
				HEADER_SEARCH_PATHS = Dependencies/;
				INFOPLIST_FILE = Extension/Info.plist;
				LD_RUNPATH_SEARCH_PATHS = "$(inherited) @executable_path/../Frameworks @executable_path/../../../../Frameworks";
				LIBRARY_SEARCH_PATHS = Dependencies/;
				PRODUCT_BUNDLE_IDENTIFIER = "com.safari-fido-u2f.app.extension";
				PRODUCT_NAME = "$(U2F_NAME) Extension";
				SKIP_INSTALL = YES;
				SWIFT_OBJC_BRIDGING_HEADER = "Extension/Safari FIDO U2F Extension-Bridging-Header.h";
				SWIFT_OPTIMIZATION_LEVEL = "-Onone";
			};
			name = Debug;
		};
		DA0733961DAF851400088DAF /* Release */ = {
			isa = XCBuildConfiguration;
			buildSettings = {
				CLANG_ENABLE_MODULES = YES;
				CLANG_ENABLE_OBJC_WEAK = YES;
				CODE_SIGN_ENTITLEMENTS = Extension/Safari_FIDO_U2F_Extension.entitlements;
				HEADER_SEARCH_PATHS = Dependencies/;
				INFOPLIST_FILE = Extension/Info.plist;
				LD_RUNPATH_SEARCH_PATHS = "$(inherited) @executable_path/../Frameworks @executable_path/../../../../Frameworks";
				LIBRARY_SEARCH_PATHS = Dependencies/;
				PRODUCT_BUNDLE_IDENTIFIER = "com.safari-fido-u2f.app.extension";
				PRODUCT_NAME = "$(U2F_NAME) Extension";
				SKIP_INSTALL = YES;
				SWIFT_OBJC_BRIDGING_HEADER = "Extension/Safari FIDO U2F Extension-Bridging-Header.h";
			};
			name = Release;
		};
/* End XCBuildConfiguration section */

/* Begin XCConfigurationList section */
		229EA5D5200640A6004F0B11 /* Build configuration list for PBXAggregateTarget "version" */ = {
			isa = XCConfigurationList;
			buildConfigurations = (
				229EA5D6200640A6004F0B11 /* Debug */,
				229EA5D7200640A6004F0B11 /* Release */,
			);
			defaultConfigurationIsVisible = 0;
			defaultConfigurationName = Release;
		};
		22EF78DE202C792400009C38 /* Build configuration list for PBXNativeTarget "tests" */ = {
			isa = XCConfigurationList;
			buildConfigurations = (
				22EF78DF202C792400009C38 /* Debug */,
				22EF78E0202C792400009C38 /* Release */,
			);
			defaultConfigurationIsVisible = 0;
			defaultConfigurationName = Release;
		};
		DA0733631DAF84A100088DAF /* Build configuration list for PBXProject "Safari FIDO U2F" */ = {
			isa = XCConfigurationList;
			buildConfigurations = (
				DA0733751DAF84A200088DAF /* Debug */,
				DA0733761DAF84A200088DAF /* Release */,
			);
			defaultConfigurationIsVisible = 0;
			defaultConfigurationName = Release;
		};
		DA0733771DAF84A200088DAF /* Build configuration list for PBXNativeTarget "application" */ = {
			isa = XCConfigurationList;
			buildConfigurations = (
				DA0733781DAF84A200088DAF /* Debug */,
				DA0733791DAF84A200088DAF /* Release */,
			);
			defaultConfigurationIsVisible = 0;
			defaultConfigurationName = Release;
		};
		DA0733941DAF851400088DAF /* Build configuration list for PBXNativeTarget "extension" */ = {
			isa = XCConfigurationList;
			buildConfigurations = (
				DA0733951DAF851400088DAF /* Debug */,
				DA0733961DAF851400088DAF /* Release */,
			);
			defaultConfigurationIsVisible = 0;
			defaultConfigurationName = Release;
		};
/* End XCConfigurationList section */
	};
	rootObject = DA0733601DAF84A100088DAF /* Project object */;
}
